
Microsoft Visual Studio Solution File, Format Version 12.00
# Visual Studio 15
VisualStudioVersion = 15.0.28010.2041
MinimumVisualStudioVersion = 10.0.40219.1
Project("{FAE04EC0-301F-11D3-BF4B-00C04F79EFBC}") = "ASP.NETMVC5withLambdaExpressions", "ASP.NETMVC5withLambdaExpressions\ASP.NETMVC5withLambdaExpressions.csproj", "{B7DFCEC0-8D8F-44FF-B952-3D24CFF19286}"
EndProject
Global
	GlobalSection(SolutionConfigurationPlatforms) = preSolution
		Debug|Any CPU = Debug|Any CPU
		Release|Any CPU = Release|Any CPU
	EndGlobalSection
	GlobalSection(ProjectConfigurationPlatforms) = postSolution
		{B7DFCEC0-8D8F-44FF-B952-3D24CFF19286}.Debug|Any CPU.ActiveCfg = Debug|Any CPU
		{B7DFCEC0-8D8F-44FF-B952-3D24CFF19286}.Debug|Any CPU.Build.0 = Debug|Any CPU
		{B7DFCEC0-8D8F-44FF-B952-3D24CFF19286}.Release|Any CPU.ActiveCfg = Release|Any CPU
		{B7DFCEC0-8D8F-44FF-B952-3D24CFF19286}.Release|Any CPU.Build.0 = Release|Any CPU
	EndGlobalSection
	GlobalSection(SolutionProperties) = preSolution
		HideSolutionNode = FALSE
	EndGlobalSection
	GlobalSection(ExtensibilityGlobals) = postSolution
		SolutionGuid = {C1793C7D-E8D2-4BA1-94E2-8ADB89A87C25}
	EndGlobalSection
EndGlobal
